
Microsoft Visual Studio Solution File, Format Version 12.00
# Visual Studio Version 16
VisualStudioVersion = 16.0.30717.126
MinimumVisualStudioVersion = 10.0.40219.1
Project("{FAE04EC0-301F-11D3-BF4B-00C04F79EFBC}") = "GraceUploadAPI", "GraceUploadAPI\GraceUploadAPI.csproj", "{3F64E3E6-CB03-4909-8B50-FED2837B90B6}"
EndProject
Global
	GlobalSection(SolutionConfigurationPlatforms) = preSolution
		Debug|Any CPU = Debug|Any CPU
		Release|Any CPU = Release|Any CPU
	EndGlobalSection
	GlobalSection(ProjectConfigurationPlatforms) = postSolution
		{3F64E3E6-CB03-4909-8B50-FED2837B90B6}.Debug|Any CPU.ActiveCfg = Debug|Any CPU
		{3F64E3E6-CB03-4909-8B50-FED2837B90B6}.Debug|Any CPU.Build.0 = Debug|Any CPU
		{3F64E3E6-CB03-4909-8B50-FED2837B90B6}.Release|Any CPU.ActiveCfg = Release|Any CPU
		{3F64E3E6-CB03-4909-8B50-FED2837B90B6}.Release|Any CPU.Build.0 = Release|Any CPU
	EndGlobalSection
	GlobalSection(SolutionProperties) = preSolution
		HideSolutionNode = FALSE
	EndGlobalSection
	GlobalSection(ExtensibilityGlobals) = postSolution
		SolutionGuid = {094848FD-7B42-4616-A41C-A71920D91C1D}
	EndGlobalSection
EndGlobal
